// !$*UTF8*$!
{
	archiveVersion = 1;
	classes = {
	};
	objectVersion = 50;
	objects = {

/* Begin PBXBuildFile section */
		099C16B1265BDAE9007FAC7D /* AppDelegate.swift in Sources */ = {isa = PBXBuildFile; fileRef = 099C16B0265BDAE9007FAC7D /* AppDelegate.swift */; };
		099C16B3265BDAE9007FAC7D /* SceneDelegate.swift in Sources */ = {isa = PBXBuildFile; fileRef = 099C16B2265BDAE9007FAC7D /* SceneDelegate.swift */; };
		099C16B5265BDAE9007FAC7D /* ViewController.swift in Sources */ = {isa = PBXBuildFile; fileRef = 099C16B4265BDAE9007FAC7D /* ViewController.swift */; };
		099C16B8265BDAE9007FAC7D /* Main.storyboard in Resources */ = {isa = PBXBuildFile; fileRef = 099C16B6265BDAE9007FAC7D /* Main.storyboard */; };
		099C16BA265BDAEA007FAC7D /* Assets.xcassets in Resources */ = {isa = PBXBuildFile; fileRef = 099C16B9265BDAEA007FAC7D /* Assets.xcassets */; };
		099C16BD265BDAEA007FAC7D /* LaunchScreen.storyboard in Resources */ = {isa = PBXBuildFile; fileRef = 099C16BB265BDAEA007FAC7D /* LaunchScreen.storyboard */; };
/* End PBXBuildFile section */

/* Begin PBXFileReference section */
		099C16AD265BDAE9007FAC7D /* MovieLjm.app */ = {isa = PBXFileReference; explicitFileType = wrapper.application; includeInIndex = 0; path = MovieLjm.app; sourceTree = BUILT_PRODUCTS_DIR; };
		099C16B0265BDAE9007FAC7D /* AppDelegate.swift */ = {isa = PBXFileReference; lastKnownFileType = sourcecode.swift; path = AppDelegate.swift; sourceTree = "<group>"; };
		099C16B2265BDAE9007FAC7D /* SceneDelegate.swift */ = {isa = PBXFileReference; lastKnownFileType = sourcecode.swift; path = SceneDelegate.swift; sourceTree = "<group>"; };
		099C16B4265BDAE9007FAC7D /* ViewController.swift */ = {isa = PBXFileReference; lastKnownFileType = sourcecode.swift; path = ViewController.swift; sourceTree = "<group>"; };
		099C16B7265BDAE9007FAC7D /* Base */ = {isa = PBXFileReference; lastKnownFileType = file.storyboard; name = Base; path = Base.lproj/Main.storyboard; sourceTree = "<group>"; };
		099C16B9265BDAEA007FAC7D /* Assets.xcassets */ = {isa = PBXFileReference; lastKnownFileType = folder.assetcatalog; path = Assets.xcassets; sourceTree = "<group>"; };
		099C16BC265BDAEA007FAC7D /* Base */ = {isa = PBXFileReference; lastKnownFileType = file.storyboard; name = Base; path = Base.lproj/LaunchScreen.storyboard; sourceTree = "<group>"; };
		099C16BE265BDAEA007FAC7D /* Info.plist */ = {isa = PBXFileReference; lastKnownFileType = text.plist.xml; path = Info.plist; sourceTree = "<group>"; };
/* End PBXFileReference section */

/* Begin PBXFrameworksBuildPhase section */
		099C16AA265BDAE9007FAC7D /* Frameworks */ = {
			isa = PBXFrameworksBuildPhase;
			buildActionMask = 2147483647;
			files = (
			);
			runOnlyForDeploymentPostprocessing = 0;
		};
/* End PBXFrameworksBuildPhase section */

/* Begin PBXGroup section */
		099C16A4265BDAE9007FAC7D = {
			isa = PBXGroup;
			children = (
				099C16AF265BDAE9007FAC7D /* MovieLjm */,
				099C16AE265BDAE9007FAC7D /* Products */,
			);
			sourceTree = "<group>";
		};
		099C16AE265BDAE9007FAC7D /* Products */ = {
			isa = PBXGroup;
			children = (
				099C16AD265BDAE9007FAC7D /* MovieLjm.app */,
			);
			name = Products;
			sourceTree = "<group>";
		};
		099C16AF265BDAE9007FAC7D /* MovieLjm */ = {
			isa = PBXGroup;
			children = (
				099C16B0265BDAE9007FAC7D /* AppDelegate.swift */,
				099C16B2265BDAE9007FAC7D /* SceneDelegate.swift */,
				099C16B4265BDAE9007FAC7D /* ViewController.swift */,
				099C16B6265BDAE9007FAC7D /* Main.storyboard */,
				099C16B9265BDAEA007FAC7D /* Assets.xcassets */,
				099C16BB265BDAEA007FAC7D /* LaunchScreen.storyboard */,
				099C16BE265BDAEA007FAC7D /* Info.plist */,
			);
			path = MovieLjm;
			sourceTree = "<group>";
		};
/* End PBXGroup section */

/* Begin PBXNativeTarget section */
		099C16AC265BDAE9007FAC7D /* MovieLjm */ = {
			isa = PBXNativeTarget;
			buildConfigurationList = 099C16C1265BDAEA007FAC7D /* Build configuration list for PBXNativeTarget "MovieLjm" */;
			buildPhases = (
				099C16A9265BDAE9007FAC7D /* Sources */,
				099C16AA265BDAE9007FAC7D /* Frameworks */,
				099C16AB265BDAE9007FAC7D /* Resources */,
			);
			buildRules = (
			);
			dependencies = (
			);
			name = MovieLjm;
			productName = MovieLjm;
			productReference = 099C16AD265BDAE9007FAC7D /* MovieLjm.app */;
			productType = "com.apple.product-type.application";
		};
/* End PBXNativeTarget section */

/* Begin PBXProject section */
		099C16A5265BDAE9007FAC7D /* Project object */ = {
			isa = PBXProject;
			attributes = {
				LastSwiftUpdateCheck = 1250;
				LastUpgradeCheck = 1250;
				TargetAttributes = {
					099C16AC265BDAE9007FAC7D = {
						CreatedOnToolsVersion = 12.5;
					};
				};
			};
			buildConfigurationList = 099C16A8265BDAE9007FAC7D /* Build configuration list for PBXProject "MovieLjm" */;
			compatibilityVersion = "Xcode 9.3";
			developmentRegion = en;
			hasScannedForEncodings = 0;
			knownRegions = (
				en,
				Base,
			);
			mainGroup = 099C16A4265BDAE9007FAC7D;
			productRefGroup = 099C16AE265BDAE9007FAC7D /* Products */;
			projectDirPath = "";
			projectRoot = "";
			targets = (
				099C16AC265BDAE9007FAC7D /* MovieLjm */,
			);
		};
/* End PBXProject section */

/* Begin PBXResourcesBuildPhase section */
		099C16AB265BDAE9007FAC7D /* Resources */ = {
			isa = PBXResourcesBuildPhase;
			buildActionMask = 2147483647;
			files = (
				099C16BD265BDAEA007FAC7D /* LaunchScreen.storyboard in Resources */,
				099C16BA265BDAEA007FAC7D /* Assets.xcassets in Resources */,
				099C16B8265BDAE9007FAC7D /* Main.storyboard in Resources */,
			);
			runOnlyForDeploymentPostprocessing = 0;
		};
/* End PBXResourcesBuildPhase section */

/* Begin PBXSourcesBuildPhase section */
		099C16A9265BDAE9007FAC7D /* Sources */ = {
			isa = PBXSourcesBuildPhase;
			buildActionMask = 2147483647;
			files = (
				099C16B5265BDAE9007FAC7D /* ViewController.swift in Sources */,
				099C16B1265BDAE9007FAC7D /* AppDelegate.swift in Sources */,
				099C16B3265BDAE9007FAC7D /* SceneDelegate.swift in Sources */,
			);
			runOnlyForDeploymentPostprocessing = 0;
		};
/* End PBXSourcesBuildPhase section */

/* Begin PBXVariantGroup section */
		099C16B6265BDAE9007FAC7D /* Main.storyboard */ = {
			isa = PBXVariantGroup;
			children = (
				099C16B7265BDAE9007FAC7D /* Base */,
			);
			name = Main.storyboard;
			sourceTree = "<group>";
		};
		099C16BB265BDAEA007FAC7D /* LaunchScreen.storyboard */ = {
			isa = PBXVariantGroup;
			children = (
				099C16BC265BDAEA007FAC7D /* Base */,
			);
			name = LaunchScreen.storyboard;
			sourceTree = "<group>";
		};
/* End PBXVariantGroup section */

/* Begin XCBuildConfiguration section */
		099C16BF265BDAEA007FAC7D /* Debug */ = {
			isa = XCBuildConfiguration;
			buildSettings = {
				ALWAYS_SEARCH_USER_PATHS = NO;
				CLANG_ANALYZER_NONNULL = YES;
				CLANG_ANALYZER_NUMBER_OBJECT_CONVERSION = YES_AGGRESSIVE;
				CLANG_CXX_LANGUAGE_STANDARD = "gnu++14";
				CLANG_CXX_LIBRARY = "libc++";
				CLANG_ENABLE_MODULES = YES;
				CLANG_ENABLE_OBJC_ARC = YES;
				CLANG_ENABLE_OBJC_WEAK = YES;
				CLANG_WARN_BLOCK_CAPTURE_AUTORELEASING = YES;
				CLANG_WARN_BOOL_CONVERSION = YES;
				CLANG_WARN_COMMA = YES;
				CLANG_WARN_CONSTANT_CONVERSION = YES;
				CLANG_WARN_DEPRECATED_OBJC_IMPLEMENTATIONS = YES;
				CLANG_WARN_DIRECT_OBJC_ISA_USAGE = YES_ERROR;
				CLANG_WARN_DOCUMENTATION_COMMENTS = YES;
				CLANG_WARN_EMPTY_BODY = YES;
				CLANG_WARN_ENUM_CONVERSION = YES;
				CLANG_WARN_INFINITE_RECURSION = YES;
				CLANG_WARN_INT_CONVERSION = YES;
				CLANG_WARN_NON_LITERAL_NULL_CONVERSION = YES;
				CLANG_WARN_OBJC_IMPLICIT_RETAIN_SELF = YES;
				CLANG_WARN_OBJC_LITERAL_CONVERSION = YES;
				CLANG_WARN_OBJC_ROOT_CLASS = YES_ERROR;
				CLANG_WARN_QUOTED_INCLUDE_IN_FRAMEWORK_HEADER = YES;
				CLANG_WARN_RANGE_LOOP_ANALYSIS = YES;
				CLANG_WARN_STRICT_PROTOTYPES = YES;
				CLANG_WARN_SUSPICIOUS_MOVE = YES;
				CLANG_WARN_UNGUARDED_AVAILABILITY = YES_AGGRESSIVE;
				CLANG_WARN_UNREACHABLE_CODE = YES;
				CLANG_WARN__DUPLICATE_METHOD_MATCH = YES;
				COPY_PHASE_STRIP = NO;
				DEBUG_INFORMATION_FORMAT = dwarf;
				ENABLE_STRICT_OBJC_MSGSEND = YES;
				ENABLE_TESTABILITY = YES;
				GCC_C_LANGUAGE_STANDARD = gnu11;
				GCC_DYNAMIC_NO_PIC = NO;
				GCC_NO_COMMON_BLOCKS = YES;
				GCC_OPTIMIZATION_LEVEL = 0;
				GCC_PREPROCESSOR_DEFINITIONS = (
					"DEBUG=1",
					"$(inherited)",
				);
				GCC_WARN_64_TO_32_BIT_CONVERSION = YES;
				GCC_WARN_ABOUT_RETURN_TYPE = YES_ERROR;
				GCC_WARN_UNDECLARED_SELECTOR = YES;
				GCC_WARN_UNINITIALIZED_AUTOS = YES_AGGRESSIVE;
				GCC_WARN_UNUSED_FUNCTION = YES;
				GCC_WARN_UNUSED_VARIABLE = YES;
				IPHONEOS_DEPLOYMENT_TARGET = 14.5;
				MTL_ENABLE_DEBUG_INFO = INCLUDE_SOURCE;
				MTL_FAST_MATH = YES;
				ONLY_ACTIVE_ARCH = YES;
				SDKROOT = iphoneos;
				SWIFT_ACTIVE_COMPILATION_CONDITIONS = DEBUG;
				SWIFT_OPTIMIZATION_LEVEL = "-Onone";
			};
			name = Debug;
		};
		099C16C0265BDAEA007FAC7D /* Release */ = {
			isa = XCBuildConfiguration;
			buildSettings = {
				ALWAYS_SEARCH_USER_PATHS = NO;
				CLANG_ANALYZER_NONNULL = YES;
				CLANG_ANALYZER_NUMBER_OBJECT_CONVERSION = YES_AGGRESSIVE;
				CLANG_CXX_LANGUAGE_STANDARD = "gnu++14";
				CLANG_CXX_LIBRARY = "libc++";
				CLANG_ENABLE_MODULES = YES;
				CLANG_ENABLE_OBJC_ARC = YES;
				CLANG_ENABLE_OBJC_WEAK = YES;
				CLANG_WARN_BLOCK_CAPTURE_AUTORELEASING = YES;
				CLANG_WARN_BOOL_CONVERSION = YES;
				CLANG_WARN_COMMA = YES;
				CLANG_WARN_CONSTANT_CONVERSION = YES;
				CLANG_WARN_DEPRECATED_OBJC_IMPLEMENTATIONS = YES;
				CLANG_WARN_DIRECT_OBJC_ISA_USAGE = YES_ERROR;
				CLANG_WARN_DOCUMENTATION_COMMENTS = YES;
				CLANG_WARN_EMPTY_BODY = YES;
				CLANG_WARN_ENUM_CONVERSION = YES;
				CLANG_WARN_INFINITE_RECURSION = YES;
				CLANG_WARN_INT_CONVERSION = YES;
				CLANG_WARN_NON_LITERAL_NULL_CONVERSION = YES;
				CLANG_WARN_OBJC_IMPLICIT_RETAIN_SELF = YES;
				CLANG_WARN_OBJC_LITERAL_CONVERSION = YES;
				CLANG_WARN_OBJC_ROOT_CLASS = YES_ERROR;
				CLANG_WARN_QUOTED_INCLUDE_IN_FRAMEWORK_HEADER = YES;
				CLANG_WARN_RANGE_LOOP_ANALYSIS = YES;
				CLANG_WARN_STRICT_PROTOTYPES = YES;
				CLANG_WARN_SUSPICIOUS_MOVE = YES;
				CLANG_WARN_UNGUARDED_AVAILABILITY = YES_AGGRESSIVE;
				CLANG_WARN_UNREACHABLE_CODE = YES;
				CLANG_WARN__DUPLICATE_METHOD_MATCH = YES;
				COPY_PHASE_STRIP = NO;
				DEBUG_INFORMATION_FORMAT = "dwarf-with-dsym";
				ENABLE_NS_ASSERTIONS = NO;
				ENABLE_STRICT_OBJC_MSGSEND = YES;
				GCC_C_LANGUAGE_STANDARD = gnu11;
				GCC_NO_COMMON_BLOCKS = YES;
				GCC_WARN_64_TO_32_BIT_CONVERSION = YES;
				GCC_WARN_ABOUT_RETURN_TYPE = YES_ERROR;
				GCC_WARN_UNDECLARED_SELECTOR = YES;
				GCC_WARN_UNINITIALIZED_AUTOS = YES_AGGRESSIVE;
				GCC_WARN_UNUSED_FUNCTION = YES;
				GCC_WARN_UNUSED_VARIABLE = YES;
				IPHONEOS_DEPLOYMENT_TARGET = 14.5;
				MTL_ENABLE_DEBUG_INFO = NO;
				MTL_FAST_MATH = YES;
				SDKROOT = iphoneos;
				SWIFT_COMPILATION_MODE = wholemodule;
				SWIFT_OPTIMIZATION_LEVEL = "-O";
				VALIDATE_PRODUCT = YES;
			};
			name = Release;
		};
		099C16C2265BDAEA007FAC7D /* Debug */ = {
			isa = XCBuildConfiguration;
			buildSettings = {
				ASSETCATALOG_COMPILER_APPICON_NAME = AppIcon;
				ASSETCATALOG_COMPILER_GLOBAL_ACCENT_COLOR_NAME = AccentColor;
				CODE_SIGN_STYLE = Automatic;
				INFOPLIST_FILE = MovieLjm/Info.plist;
				LD_RUNPATH_SEARCH_PATHS = (
					"$(inherited)",
					"@executable_path/Frameworks",
				);
				PRODUCT_BUNDLE_IDENTIFIER = kr.ac.induk.ljm.MovieLjm;
				PRODUCT_NAME = "$(TARGET_NAME)";
				SWIFT_VERSION = 5.0;
				TARGETED_DEVICE_FAMILY = "1,2";
			};
			name = Debug;
		};
		099C16C3265BDAEA007FAC7D /* Release */ = {
			isa = XCBuildConfiguration;
			buildSettings = {
				ASSETCATALOG_COMPILER_APPICON_NAME = AppIcon;
				ASSETCATALOG_COMPILER_GLOBAL_ACCENT_COLOR_NAME = AccentColor;
				CODE_SIGN_STYLE = Automatic;
				INFOPLIST_FILE = MovieLjm/Info.plist;
				LD_RUNPATH_SEARCH_PATHS = (
					"$(inherited)",
					"@executable_path/Frameworks",
				);
				PRODUCT_BUNDLE_IDENTIFIER = kr.ac.induk.ljm.MovieLjm;
				PRODUCT_NAME = "$(TARGET_NAME)";
				SWIFT_VERSION = 5.0;
				TARGETED_DEVICE_FAMILY = "1,2";
			};
			name = Release;
		};
/* End XCBuildConfiguration section */

/* Begin XCConfigurationList section */
		099C16A8265BDAE9007FAC7D /* Build configuration list for PBXProject "MovieLjm" */ = {
			isa = XCConfigurationList;
			buildConfigurations = (
				099C16BF265BDAEA007FAC7D /* Debug */,
				099C16C0265BDAEA007FAC7D /* Release */,
			);
			defaultConfigurationIsVisible = 0;
			defaultConfigurationName = Release;
		};
		099C16C1265BDAEA007FAC7D /* Build configuration list for PBXNativeTarget "MovieLjm" */ = {
			isa = XCConfigurationList;
			buildConfigurations = (
				099C16C2265BDAEA007FAC7D /* Debug */,
				099C16C3265BDAEA007FAC7D /* Release */,
			);
			defaultConfigurationIsVisible = 0;
			defaultConfigurationName = Release;
		};
/* End XCConfigurationList section */
	};
	rootObject = 099C16A5265BDAE9007FAC7D /* Project object */;
}
